Microsoft Visual Studio Solution File, Format Version 12.00
# Visual Studio Version 17
VisualStudioVersion = 17.5.2.0
MinimumVisualStudioVersion = 10.0.40219.1
Project("{FAE04EC0-301F-11D3-BF4B-00C04F79EFBC}") = "SampleApp1", "SampleApp1.csproj", "{0829EA44-C55A-1500-E09C-D7A3B06970C7}"
EndProject
Global
	GlobalSection(SolutionConfigurationPlatforms) = preSolution
		Debug|Any CPU = Debug|Any CPU
		Release|Any CPU = Release|Any CPU
	EndGlobalSection
	GlobalSection(ProjectConfigurationPlatforms) = postSolution
		{0829EA44-C55A-1500-E09C-D7A3B06970C7}.Debug|Any CPU.ActiveCfg = Debug|Any CPU
		{0829EA44-C55A-1500-E09C-D7A3B06970C7}.Debug|Any CPU.Build.0 = Debug|Any CPU
		{0829EA44-C55A-1500-E09C-D7A3B06970C7}.Release|Any CPU.ActiveCfg = Release|Any CPU
		{0829EA44-C55A-1500-E09C-D7A3B06970C7}.Release|Any CPU.Build.0 = Release|Any CPU
	EndGlobalSection
	GlobalSection(SolutionProperties) = preSolution
		HideSolutionNode = FALSE
	EndGlobalSection
	GlobalSection(ExtensibilityGlobals) = postSolution
		SolutionGuid = {6C38E329-4429-40CD-8442-6CCA6F2CF64F}
	EndGlobalSection
EndGlobal
